// !$*UTF8*$!
{
	archiveVersion = 1;
	classes = {
	};
	objectVersion = 77;
	objects = {

/* Begin PBXBuildFile section */
		BA39491C2DF35DE600B7CB8B /* NoteModel.xcdatamodeld in Sources */ = {isa = PBXBuildFile; fileRef = BA3949182DF35D5000B7CB8B /* NoteModel.xcdatamodeld */; };
		BA5DF9B22DDFC9A8005E1397 /* FirebaseAuth in Frameworks */ = {isa = PBXBuildFile; productRef = BA5DF9B12DDFC9A8005E1397 /* FirebaseAuth */; };
		BA5DF9B42DDFC9A8005E1397 /* FirebaseCore in Frameworks */ = {isa = PBXBuildFile; productRef = BA5DF9B32DDFC9A8005E1397 /* FirebaseCore */; };
/* End PBXBuildFile section */

/* Begin PBXContainerItemProxy section */
		BA4289A42DCD1EAF008FECCD /* PBXContainerItemProxy */ = {
			isa = PBXContainerItemProxy;
			containerPortal = BAACA5E72DC124BB002627F6 /* Project object */;
			proxyType = 1;
			remoteGlobalIDString = BAACA5EE2DC124BB002627F6;
			remoteInfo = FavoriteMovies;
		};
		BAA0685E2DE77C9700A53CE7 /* PBXContainerItemProxy */ = {
			isa = PBXContainerItemProxy;
			containerPortal = BAACA5E72DC124BB002627F6 /* Project object */;
			proxyType = 1;
			remoteGlobalIDString = BAACA5EE2DC124BB002627F6;
			remoteInfo = CineCircle;
		};
		BAB46D8D2DF1FCCE00891FA8 /* PBXContainerItemProxy */ = {
			isa = PBXContainerItemProxy;
			containerPortal = BAACA5E72DC124BB002627F6 /* Project object */;
			proxyType = 1;
			remoteGlobalIDString = BAACA5EE2DC124BB002627F6;
			remoteInfo = CineCircle;
		};
/* End PBXContainerItemProxy section */

/* Begin PBXFileReference section */
		BA3949192DF35D5000B7CB8B /* NoteModel.xcdatamodel */ = {isa = PBXFileReference; lastKnownFileType = wrapper.xcdatamodel; path = NoteModel.xcdatamodel; sourceTree = "<group>"; };
		BA4289A02DCD1EAF008FECCD /* APIManagerTests.xctest */ = {isa = PBXFileReference; explicitFileType = wrapper.cfbundle; includeInIndex = 0; path = APIManagerTests.xctest; sourceTree = BUILT_PRODUCTS_DIR; };
		BAA0685A2DE77C9700A53CE7 /* AuthServiceTests.xctest */ = {isa = PBXFileReference; explicitFileType = wrapper.cfbundle; includeInIndex = 0; path = AuthServiceTests.xctest; sourceTree = BUILT_PRODUCTS_DIR; };
		BAACA5EF2DC124BB002627F6 /* CineCircle.app */ = {isa = PBXFileReference; explicitFileType = wrapper.application; includeInIndex = 0; path = CineCircle.app; sourceTree = BUILT_PRODUCTS_DIR; };
		BAB46D892DF1FCCE00891FA8 /* CineCircleTests.xctest */ = {isa = PBXFileReference; explicitFileType = wrapper.cfbundle; includeInIndex = 0; path = CineCircleTests.xctest; sourceTree = BUILT_PRODUCTS_DIR; };
/* End PBXFileReference section */

/* Begin PBXFileSystemSynchronizedBuildFileExceptionSet section */
		BA2C565A2DDFB54D00BA9EB4 /* Exceptions for "CineCircleApp" folder in "CineCircle" target */ = {
			isa = PBXFileSystemSynchronizedBuildFileExceptionSet;
			membershipExceptions = (
				Info.plist,
			);
			target = BAACA5EE2DC124BB002627F6 /* CineCircle */;
		};
		BA3949212DF3620E00B7CB8B /* Exceptions for "CineCircleApp" folder in "CineCircleTests" target */ = {
			isa = PBXFileSystemSynchronizedBuildFileExceptionSet;
			membershipExceptions = (
				Sevices/CoreData/CoreDataManager.swift,
			);
			target = BAB46D882DF1FCCE00891FA8 /* CineCircleTests */;
		};
		BA71F4DC2DCD513400D984CB /* Exceptions for "CineCircleApp" folder in "APIManagerTests" target */ = {
			isa = PBXFileSystemSynchronizedBuildFileExceptionSet;
			membershipExceptions = (
				Sevices/APIManager/APIClient.swift,
				Sevices/APIManager/APIClientProtocol.swift,
				Sevices/APIManager/APIKeyProvider.swift,
				Sevices/APIManager/APIKeys.swift,
				Sevices/APIManager/APIKeySource.swift,
				Sevices/APIManager/APIManager.swift,
				Sevices/APIManager/DefaultAPIKeys.swift,
				Sevices/APIManager/Errors/APICallErrors.swift,
				Sevices/APIManager/Errors/APIKeyErrors.swift,
				Sevices/APIManager/MockAPIKeys.swift,
			);
			target = BA42899F2DCD1EAF008FECCD /* APIManagerTests */;
		};
		BA71F5512DCE72E700D984CB /* Exceptions for "APIManagerTests" folder in "CineCircle" target */ = {
			isa = PBXFileSystemSynchronizedBuildFileExceptionSet;
			membershipExceptions = (
				APIClientTests/MockAPIManager.swift,
			);
			target = BAACA5EE2DC124BB002627F6 /* CineCircle */;
		};
/* End PBXFileSystemSynchronizedBuildFileExceptionSet section */

/* Begin PBXFileSystemSynchronizedRootGroup section */
		BA4289A12DCD1EAF008FECCD /* APIManagerTests */ = {
			isa = PBXFileSystemSynchronizedRootGroup;
			exceptions = (
				BA71F5512DCE72E700D984CB /* Exceptions for "APIManagerTests" folder in "CineCircle" target */,
			);
			path = APIManagerTests;
			sourceTree = "<group>";
		};
		BAA0685B2DE77C9700A53CE7 /* AuthServiceTests */ = {
			isa = PBXFileSystemSynchronizedRootGroup;
			path = AuthServiceTests;
			sourceTree = "<group>";
		};
		BAACA5F12DC124BB002627F6 /* CineCircleApp */ = {
			isa = PBXFileSystemSynchronizedRootGroup;
			exceptions = (
				BA2C565A2DDFB54D00BA9EB4 /* Exceptions for "CineCircleApp" folder in "CineCircle" target */,
				BA71F4DC2DCD513400D984CB /* Exceptions for "CineCircleApp" folder in "APIManagerTests" target */,
				BA3949212DF3620E00B7CB8B /* Exceptions for "CineCircleApp" folder in "CineCircleTests" target */,
			);
			path = CineCircleApp;
			sourceTree = "<group>";
		};
		BAB46D8A2DF1FCCE00891FA8 /* CineCircleTests */ = {
			isa = PBXFileSystemSynchronizedRootGroup;
			path = CineCircleTests;
			sourceTree = "<group>";
		};
/* End PBXFileSystemSynchronizedRootGroup section */

/* Begin PBXFrameworksBuildPhase section */
		BA42899D2DCD1EAF008FECCD /* Frameworks */ = {
			isa = PBXFrameworksBuildPhase;
			buildActionMask = 2147483647;
			files = (
			);
			runOnlyForDeploymentPostprocessing = 0;
		};
		BAA068572DE77C9700A53CE7 /* Frameworks */ = {
			isa = PBXFrameworksBuildPhase;
			buildActionMask = 2147483647;
			files = (
			);
			runOnlyForDeploymentPostprocessing = 0;
		};
		BAACA5EC2DC124BB002627F6 /* Frameworks */ = {
			isa = PBXFrameworksBuildPhase;
			buildActionMask = 2147483647;
			files = (
				BA5DF9B42DDFC9A8005E1397 /* FirebaseCore in Frameworks */,
				BA5DF9B22DDFC9A8005E1397 /* FirebaseAuth in Frameworks */,
			);
			runOnlyForDeploymentPostprocessing = 0;
		};
		BAB46D862DF1FCCE00891FA8 /* Frameworks */ = {
			isa = PBXFrameworksBuildPhase;
			buildActionMask = 2147483647;
			files = (
			);
			runOnlyForDeploymentPostprocessing = 0;
		};
/* End PBXFrameworksBuildPhase section */

/* Begin PBXGroup section */
		BAACA5E62DC124BB002627F6 = {
			isa = PBXGroup;
			children = (
				BA3949182DF35D5000B7CB8B /* NoteModel.xcdatamodeld */,
				BAACA5F12DC124BB002627F6 /* CineCircleApp */,
				BA4289A12DCD1EAF008FECCD /* APIManagerTests */,
				BAA0685B2DE77C9700A53CE7 /* AuthServiceTests */,
				BAB46D8A2DF1FCCE00891FA8 /* CineCircleTests */,
				BAACA5F02DC124BB002627F6 /* Products */,
			);
			sourceTree = "<group>";
		};
		BAACA5F02DC124BB002627F6 /* Products */ = {
			isa = PBXGroup;
			children = (
				BAACA5EF2DC124BB002627F6 /* CineCircle.app */,
				BA4289A02DCD1EAF008FECCD /* APIManagerTests.xctest */,
				BAA0685A2DE77C9700A53CE7 /* AuthServiceTests.xctest */,
				BAB46D892DF1FCCE00891FA8 /* CineCircleTests.xctest */,
			);
			name = Products;
			sourceTree = "<group>";
		};
/* End PBXGroup section */

/* Begin PBXNativeTarget section */
		BA42899F2DCD1EAF008FECCD /* APIManagerTests */ = {
			isa = PBXNativeTarget;
			buildConfigurationList = BA4289A62DCD1EAF008FECCD /* Build configuration list for PBXNativeTarget "APIManagerTests" */;
			buildPhases = (
				BA42899C2DCD1EAF008FECCD /* Sources */,
				BA42899D2DCD1EAF008FECCD /* Frameworks */,
				BA42899E2DCD1EAF008FECCD /* Resources */,
			);
			buildRules = (
			);
			dependencies = (
				BA4289A52DCD1EAF008FECCD /* PBXTargetDependency */,
			);
			fileSystemSynchronizedGroups = (
				BA4289A12DCD1EAF008FECCD /* APIManagerTests */,
			);
			name = APIManagerTests;
			packageProductDependencies = (
			);
			productName = APIManagerTests;
			productReference = BA4289A02DCD1EAF008FECCD /* APIManagerTests.xctest */;
			productType = "com.apple.product-type.bundle.unit-test";
		};
		BAA068592DE77C9700A53CE7 /* AuthServiceTests */ = {
			isa = PBXNativeTarget;
			buildConfigurationList = BAA068622DE77C9700A53CE7 /* Build configuration list for PBXNativeTarget "AuthServiceTests" */;
			buildPhases = (
				BAA068562DE77C9700A53CE7 /* Sources */,
				BAA068572DE77C9700A53CE7 /* Frameworks */,
				BAA068582DE77C9700A53CE7 /* Resources */,
			);
			buildRules = (
			);
			dependencies = (
				BAA0685F2DE77C9700A53CE7 /* PBXTargetDependency */,
			);
			fileSystemSynchronizedGroups = (
				BAA0685B2DE77C9700A53CE7 /* AuthServiceTests */,
			);
			name = AuthServiceTests;
			packageProductDependencies = (
			);
			productName = AuthServiceTests;
			productReference = BAA0685A2DE77C9700A53CE7 /* AuthServiceTests.xctest */;
			productType = "com.apple.product-type.bundle.unit-test";
		};
		BAACA5EE2DC124BB002627F6 /* CineCircle */ = {
			isa = PBXNativeTarget;
			buildConfigurationList = BAACA5FA2DC124BD002627F6 /* Build configuration list for PBXNativeTarget "CineCircle" */;
			buildPhases = (
				BA6718F52DCBD03100FC6643 /* ShellScript */,
				BAACA5EB2DC124BB002627F6 /* Sources */,
				BAACA5EC2DC124BB002627F6 /* Frameworks */,
				BAACA5ED2DC124BB002627F6 /* Resources */,
				BA6718EB2DC5646700FC6643 /* SwiftLint & SwiftFormat */,
			);
			buildRules = (
			);
			dependencies = (
			);
			fileSystemSynchronizedGroups = (
				BAACA5F12DC124BB002627F6 /* CineCircleApp */,
			);
			name = CineCircle;
			packageProductDependencies = (
				BA5DF9B12DDFC9A8005E1397 /* FirebaseAuth */,
				BA5DF9B32DDFC9A8005E1397 /* FirebaseCore */,
			);
			productName = FriendsFavoriteMovies;
			productReference = BAACA5EF2DC124BB002627F6 /* CineCircle.app */;
			productType = "com.apple.product-type.application";
		};
		BAB46D882DF1FCCE00891FA8 /* CineCircleTests */ = {
			isa = PBXNativeTarget;
			buildConfigurationList = BAB46D8F2DF1FCCE00891FA8 /* Build configuration list for PBXNativeTarget "CineCircleTests" */;
			buildPhases = (
				BAB46D852DF1FCCE00891FA8 /* Sources */,
				BAB46D862DF1FCCE00891FA8 /* Frameworks */,
				BAB46D872DF1FCCE00891FA8 /* Resources */,
			);
			buildRules = (
			);
			dependencies = (
				BAB46D8E2DF1FCCE00891FA8 /* PBXTargetDependency */,
			);
			fileSystemSynchronizedGroups = (
				BAB46D8A2DF1FCCE00891FA8 /* CineCircleTests */,
			);
			name = CineCircleTests;
			packageProductDependencies = (
			);
			productName = CineCircleTests;
			productReference = BAB46D892DF1FCCE00891FA8 /* CineCircleTests.xctest */;
			productType = "com.apple.product-type.bundle.unit-test";
		};
/* End PBXNativeTarget section */

/* Begin PBXProject section */
		BAACA5E72DC124BB002627F6 /* Project object */ = {
			isa = PBXProject;
			attributes = {
				BuildIndependentTargetsInParallel = 1;
				LastSwiftUpdateCheck = 1630;
				LastUpgradeCheck = 1630;
				TargetAttributes = {
					BA42899F2DCD1EAF008FECCD = {
						CreatedOnToolsVersion = 16.3;
						TestTargetID = BAACA5EE2DC124BB002627F6;
					};
					BAA068592DE77C9700A53CE7 = {
						CreatedOnToolsVersion = 16.3;
						TestTargetID = BAACA5EE2DC124BB002627F6;
					};
					BAACA5EE2DC124BB002627F6 = {
						CreatedOnToolsVersion = 16.3;
					};
					BAB46D882DF1FCCE00891FA8 = {
						CreatedOnToolsVersion = 16.3;
						TestTargetID = BAACA5EE2DC124BB002627F6;
					};
				};
			};
			buildConfigurationList = BAACA5EA2DC124BB002627F6 /* Build configuration list for PBXProject "CineCircleApp" */;
			developmentRegion = en;
			hasScannedForEncodings = 0;
			knownRegions = (
				en,
				Base,
			);
			mainGroup = BAACA5E62DC124BB002627F6;
			minimizedProjectReferenceProxies = 1;
			packageReferences = (
				BA5DF9B02DDFC9A8005E1397 /* XCRemoteSwiftPackageReference "firebase-ios-sdk" */,
			);
			preferredProjectObjectVersion = 77;
			productRefGroup = BAACA5F02DC124BB002627F6 /* Products */;
			projectDirPath = "";
			projectRoot = "";
			targets = (
				BAACA5EE2DC124BB002627F6 /* CineCircle */,
				BA42899F2DCD1EAF008FECCD /* APIManagerTests */,
				BAA068592DE77C9700A53CE7 /* AuthServiceTests */,
				BAB46D882DF1FCCE00891FA8 /* CineCircleTests */,
			);
		};
/* End PBXProject section */

/* Begin PBXResourcesBuildPhase section */
		BA42899E2DCD1EAF008FECCD /* Resources */ = {
			isa = PBXResourcesBuildPhase;
			buildActionMask = 2147483647;
			files = (
			);
			runOnlyForDeploymentPostprocessing = 0;
		};
		BAA068582DE77C9700A53CE7 /* Resources */ = {
			isa = PBXResourcesBuildPhase;
			buildActionMask = 2147483647;
			files = (
			);
			runOnlyForDeploymentPostprocessing = 0;
		};
		BAACA5ED2DC124BB002627F6 /* Resources */ = {
			isa = PBXResourcesBuildPhase;
			buildActionMask = 2147483647;
			files = (
			);
			runOnlyForDeploymentPostprocessing = 0;
		};
		BAB46D872DF1FCCE00891FA8 /* Resources */ = {
			isa = PBXResourcesBuildPhase;
			buildActionMask = 2147483647;
			files = (
			);
			runOnlyForDeploymentPostprocessing = 0;
		};
/* End PBXResourcesBuildPhase section */

/* Begin PBXShellScriptBuildPhase section */
		BA6718EB2DC5646700FC6643 /* SwiftLint & SwiftFormat */ = {
			isa = PBXShellScriptBuildPhase;
			alwaysOutOfDate = 1;
			buildActionMask = 2147483647;
			files = (
			);
			inputFileListPaths = (
			);
			inputPaths = (
			);
			name = "SwiftLint & SwiftFormat";
			outputFileListPaths = (
			);
			outputPaths = (
			);
			runOnlyForDeploymentPostprocessing = 0;
			shellPath = /bin/sh;
			shellScript = "if [[ \"$(uname -m)\" == arm64 ]]\nthen\n    export PATH=\"/opt/homebrew/bin:$PATH\"\nfi\n\nif command -v swiftlint >/dev/null 2>&1\nthen\n    swiftlint\nelse\n    echo \"warning: `swiftlint` not found. Install it via Homebrew: https://brew.sh\"\nfi\n\nif [[ \"$(uname -m)\" == arm64 ]]\nthen\n    export PATH=\"/opt/homebrew/bin:$PATH\"\nfi\n\nif command -v swiftformat >/dev/null 2>&1\nthen\n    swiftformat .\nelse\n    echo \"warning: `swiftformat` not found. Install it via Homebrew: https://brew.sh\"\nfi\n";
		};
		BA6718F52DCBD03100FC6643 /* ShellScript */ = {
			isa = PBXShellScriptBuildPhase;
			alwaysOutOfDate = 1;
			buildActionMask = 2147483647;
			files = (
			);
			inputFileListPaths = (
			);
			inputPaths = (
			);
			outputFileListPaths = (
			);
			outputPaths = (
			);
			runOnlyForDeploymentPostprocessing = 0;
			shellPath = /bin/sh;
			shellScript = "\"${SRCROOT}/Scripts/generate_keys.sh\"\n";
		};
/* End PBXShellScriptBuildPhase section */

/* Begin PBXSourcesBuildPhase section */
		BA42899C2DCD1EAF008FECCD /* Sources */ = {
			isa = PBXSourcesBuildPhase;
			buildActionMask = 2147483647;
			files = (
			);
			runOnlyForDeploymentPostprocessing = 0;
		};
		BAA068562DE77C9700A53CE7 /* Sources */ = {
			isa = PBXSourcesBuildPhase;
			buildActionMask = 2147483647;
			files = (
			);
			runOnlyForDeploymentPostprocessing = 0;
		};
		BAACA5EB2DC124BB002627F6 /* Sources */ = {
			isa = PBXSourcesBuildPhase;
			buildActionMask = 2147483647;
			files = (
				BA39491C2DF35DE600B7CB8B /* NoteModel.xcdatamodeld in Sources */,
			);
			runOnlyForDeploymentPostprocessing = 0;
		};
		BAB46D852DF1FCCE00891FA8 /* Sources */ = {
			isa = PBXSourcesBuildPhase;
			buildActionMask = 2147483647;
			files = (
			);
			runOnlyForDeploymentPostprocessing = 0;
		};
/* End PBXSourcesBuildPhase section */

/* Begin PBXTargetDependency section */
		BA4289A52DCD1EAF008FECCD /* PBXTargetDependency */ = {
			isa = PBXTargetDependency;
			target = BAACA5EE2DC124BB002627F6 /* CineCircle */;
			targetProxy = BA4289A42DCD1EAF008FECCD /* PBXContainerItemProxy */;
		};
		BAA0685F2DE77C9700A53CE7 /* PBXTargetDependency */ = {
			isa = PBXTargetDependency;
			target = BAACA5EE2DC124BB002627F6 /* CineCircle */;
			targetProxy = BAA0685E2DE77C9700A53CE7 /* PBXContainerItemProxy */;
		};
		BAB46D8E2DF1FCCE00891FA8 /* PBXTargetDependency */ = {
			isa = PBXTargetDependency;
			target = BAACA5EE2DC124BB002627F6 /* CineCircle */;
			targetProxy = BAB46D8D2DF1FCCE00891FA8 /* PBXContainerItemProxy */;
		};
/* End PBXTargetDependency section */

/* Begin XCBuildConfiguration section */
		BA4289A72DCD1EAF008FECCD /* Debug */ = {
			isa = XCBuildConfiguration;
			buildSettings = {
				BUNDLE_LOADER = "$(TEST_HOST)";
				CODE_SIGN_STYLE = Automatic;
				CURRENT_PROJECT_VERSION = 1;
				DEVELOPMENT_TEAM = 5W2A88B7UL;
				ENABLE_USER_SCRIPT_SANDBOXING = YES;
				GENERATE_INFOPLIST_FILE = YES;
				MARKETING_VERSION = 1.0;
				PRODUCT_BUNDLE_IDENTIFIER = com.y.nastiushkina.APIManagerTests;
				PRODUCT_NAME = "$(TARGET_NAME)";
				SWIFT_EMIT_LOC_STRINGS = NO;
				SWIFT_VERSION = 5.0;
				TARGETED_DEVICE_FAMILY = "1,2";
				TEST_HOST = "$(BUILT_PRODUCTS_DIR)/CineCircle.app/$(BUNDLE_EXECUTABLE_FOLDER_PATH)/CineCircle";
			};
			name = Debug;
		};
		BA4289A82DCD1EAF008FECCD /* Release */ = {
			isa = XCBuildConfiguration;
			buildSettings = {
				BUNDLE_LOADER = "$(TEST_HOST)";
				CODE_SIGN_STYLE = Automatic;
				CURRENT_PROJECT_VERSION = 1;
				DEVELOPMENT_TEAM = 5W2A88B7UL;
				ENABLE_USER_SCRIPT_SANDBOXING = YES;
				GENERATE_INFOPLIST_FILE = YES;
				MARKETING_VERSION = 1.0;
				PRODUCT_BUNDLE_IDENTIFIER = com.y.nastiushkina.APIManagerTests;
				PRODUCT_NAME = "$(TARGET_NAME)";
				SWIFT_EMIT_LOC_STRINGS = NO;
				SWIFT_VERSION = 5.0;
				TARGETED_DEVICE_FAMILY = "1,2";
				TEST_HOST = "$(BUILT_PRODUCTS_DIR)/CineCircle.app/$(BUNDLE_EXECUTABLE_FOLDER_PATH)/CineCircle";
			};
			name = Release;
		};
		BAA068602DE77C9700A53CE7 /* Debug */ = {
			isa = XCBuildConfiguration;
			buildSettings = {
				BUNDLE_LOADER = "$(TEST_HOST)";
				CODE_SIGN_STYLE = Automatic;
				CURRENT_PROJECT_VERSION = 1;
				DEVELOPMENT_TEAM = 5W2A88B7UL;
				ENABLE_USER_SCRIPT_SANDBOXING = YES;
				GENERATE_INFOPLIST_FILE = YES;
				MARKETING_VERSION = 1.0;
				PRODUCT_BUNDLE_IDENTIFIER = com.y.nastiushkina.AuthServiceTests;
				PRODUCT_NAME = "$(TARGET_NAME)";
				SWIFT_EMIT_LOC_STRINGS = NO;
				SWIFT_VERSION = 5.0;
				TARGETED_DEVICE_FAMILY = "1,2";
				TEST_HOST = "$(BUILT_PRODUCTS_DIR)/CineCircle.app/$(BUNDLE_EXECUTABLE_FOLDER_PATH)/CineCircle";
			};
			name = Debug;
		};
		BAA068612DE77C9700A53CE7 /* Release */ = {
			isa = XCBuildConfiguration;
			buildSettings = {
				BUNDLE_LOADER = "$(TEST_HOST)";
				CODE_SIGN_STYLE = Automatic;
				CURRENT_PROJECT_VERSION = 1;
				DEVELOPMENT_TEAM = 5W2A88B7UL;
				ENABLE_USER_SCRIPT_SANDBOXING = YES;
				GENERATE_INFOPLIST_FILE = YES;
				MARKETING_VERSION = 1.0;
				PRODUCT_BUNDLE_IDENTIFIER = com.y.nastiushkina.AuthServiceTests;
				PRODUCT_NAME = "$(TARGET_NAME)";
				SWIFT_EMIT_LOC_STRINGS = NO;
				SWIFT_VERSION = 5.0;
				TARGETED_DEVICE_FAMILY = "1,2";
				TEST_HOST = "$(BUILT_PRODUCTS_DIR)/CineCircle.app/$(BUNDLE_EXECUTABLE_FOLDER_PATH)/CineCircle";
			};
			name = Release;
		};
		BAACA5F82DC124BD002627F6 /* Debug */ = {
			isa = XCBuildConfiguration;
			buildSettings = {
				ALWAYS_SEARCH_USER_PATHS = NO;
				ASSETCATALOG_COMPILER_GENERATE_SWIFT_ASSET_SYMBOL_EXTENSIONS = YES;
				CLANG_ANALYZER_NONNULL = YES;
				CLANG_ANALYZER_NUMBER_OBJECT_CONVERSION = YES_AGGRESSIVE;
				CLANG_CXX_LANGUAGE_STANDARD = "gnu++20";
				CLANG_ENABLE_MODULES = YES;
				CLANG_ENABLE_OBJC_ARC = YES;
				CLANG_ENABLE_OBJC_WEAK = YES;
				CLANG_WARN_BLOCK_CAPTURE_AUTORELEASING = YES;
				CLANG_WARN_BOOL_CONVERSION = YES;
				CLANG_WARN_COMMA = YES;
				CLANG_WARN_CONSTANT_CONVERSION = YES;
				CLANG_WARN_DEPRECATED_OBJC_IMPLEMENTATIONS = YES;
				CLANG_WARN_DIRECT_OBJC_ISA_USAGE = YES_ERROR;
				CLANG_WARN_DOCUMENTATION_COMMENTS = YES;
				CLANG_WARN_EMPTY_BODY = YES;
				CLANG_WARN_ENUM_CONVERSION = YES;
				CLANG_WARN_INFINITE_RECURSION = YES;
				CLANG_WARN_INT_CONVERSION = YES;
				CLANG_WARN_NON_LITERAL_NULL_CONVERSION = YES;
				CLANG_WARN_OBJC_IMPLICIT_RETAIN_SELF = YES;
				CLANG_WARN_OBJC_LITERAL_CONVERSION = YES;
				CLANG_WARN_OBJC_ROOT_CLASS = YES_ERROR;
				CLANG_WARN_QUOTED_INCLUDE_IN_FRAMEWORK_HEADER = YES;
				CLANG_WARN_RANGE_LOOP_ANALYSIS = YES;
				CLANG_WARN_STRICT_PROTOTYPES = YES;
				CLANG_WARN_SUSPICIOUS_MOVE = YES;
				CLANG_WARN_UNGUARDED_AVAILABILITY = YES_AGGRESSIVE;
				CLANG_WARN_UNREACHABLE_CODE = YES;
				CLANG_WARN__DUPLICATE_METHOD_MATCH = YES;
				COPY_PHASE_STRIP = NO;
				DEBUG_INFORMATION_FORMAT = dwarf;
				DEVELOPMENT_TEAM = 5W2A88B7UL;
				ENABLE_STRICT_OBJC_MSGSEND = YES;
				ENABLE_TESTABILITY = YES;
				ENABLE_USER_SCRIPT_SANDBOXING = NO;
				GCC_C_LANGUAGE_STANDARD = gnu17;
				GCC_DYNAMIC_NO_PIC = NO;
				GCC_NO_COMMON_BLOCKS = YES;
				GCC_OPTIMIZATION_LEVEL = 0;
				GCC_PREPROCESSOR_DEFINITIONS = (
					"DEBUG=1",
					"$(inherited)",
				);
				GCC_WARN_64_TO_32_BIT_CONVERSION = YES;
				GCC_WARN_ABOUT_RETURN_TYPE = YES_ERROR;
				GCC_WARN_UNDECLARED_SELECTOR = YES;
				GCC_WARN_UNINITIALIZED_AUTOS = YES_AGGRESSIVE;
				GCC_WARN_UNUSED_FUNCTION = YES;
				GCC_WARN_UNUSED_VARIABLE = YES;
				IPHONEOS_DEPLOYMENT_TARGET = 18.4;
				LOCALIZATION_PREFERS_STRING_CATALOGS = YES;
				MTL_ENABLE_DEBUG_INFO = INCLUDE_SOURCE;
				MTL_FAST_MATH = YES;
				ONLY_ACTIVE_ARCH = YES;
				SDKROOT = iphoneos;
				SWIFT_ACTIVE_COMPILATION_CONDITIONS = "DEBUG $(inherited)";
				SWIFT_OPTIMIZATION_LEVEL = "-Onone";
			};
			name = Debug;
		};
		BAACA5F92DC124BD002627F6 /* Release */ = {
			isa = XCBuildConfiguration;
			buildSettings = {
				ALWAYS_SEARCH_USER_PATHS = NO;
				ASSETCATALOG_COMPILER_GENERATE_SWIFT_ASSET_SYMBOL_EXTENSIONS = YES;
				CLANG_ANALYZER_NONNULL = YES;
				CLANG_ANALYZER_NUMBER_OBJECT_CONVERSION = YES_AGGRESSIVE;
				CLANG_CXX_LANGUAGE_STANDARD = "gnu++20";
				CLANG_ENABLE_MODULES = YES;
				CLANG_ENABLE_OBJC_ARC = YES;
				CLANG_ENABLE_OBJC_WEAK = YES;
				CLANG_WARN_BLOCK_CAPTURE_AUTORELEASING = YES;
				CLANG_WARN_BOOL_CONVERSION = YES;
				CLANG_WARN_COMMA = YES;
				CLANG_WARN_CONSTANT_CONVERSION = YES;
				CLANG_WARN_DEPRECATED_OBJC_IMPLEMENTATIONS = YES;
				CLANG_WARN_DIRECT_OBJC_ISA_USAGE = YES_ERROR;
				CLANG_WARN_DOCUMENTATION_COMMENTS = YES;
				CLANG_WARN_EMPTY_BODY = YES;
				CLANG_WARN_ENUM_CONVERSION = YES;
				CLANG_WARN_INFINITE_RECURSION = YES;
				CLANG_WARN_INT_CONVERSION = YES;
				CLANG_WARN_NON_LITERAL_NULL_CONVERSION = YES;
				CLANG_WARN_OBJC_IMPLICIT_RETAIN_SELF = YES;
				CLANG_WARN_OBJC_LITERAL_CONVERSION = YES;
				CLANG_WARN_OBJC_ROOT_CLASS = YES_ERROR;
				CLANG_WARN_QUOTED_INCLUDE_IN_FRAMEWORK_HEADER = YES;
				CLANG_WARN_RANGE_LOOP_ANALYSIS = YES;
				CLANG_WARN_STRICT_PROTOTYPES = YES;
				CLANG_WARN_SUSPICIOUS_MOVE = YES;
				CLANG_WARN_UNGUARDED_AVAILABILITY = YES_AGGRESSIVE;
				CLANG_WARN_UNREACHABLE_CODE = YES;
				CLANG_WARN__DUPLICATE_METHOD_MATCH = YES;
				COPY_PHASE_STRIP = NO;
				DEBUG_INFORMATION_FORMAT = "dwarf-with-dsym";
				DEVELOPMENT_TEAM = 5W2A88B7UL;
				ENABLE_NS_ASSERTIONS = NO;
				ENABLE_STRICT_OBJC_MSGSEND = YES;
				ENABLE_USER_SCRIPT_SANDBOXING = NO;
				GCC_C_LANGUAGE_STANDARD = gnu17;
				GCC_NO_COMMON_BLOCKS = YES;
				GCC_WARN_64_TO_32_BIT_CONVERSION = YES;
				GCC_WARN_ABOUT_RETURN_TYPE = YES_ERROR;
				GCC_WARN_UNDECLARED_SELECTOR = YES;
				GCC_WARN_UNINITIALIZED_AUTOS = YES_AGGRESSIVE;
				GCC_WARN_UNUSED_FUNCTION = YES;
				GCC_WARN_UNUSED_VARIABLE = YES;
				IPHONEOS_DEPLOYMENT_TARGET = 18.4;
				LOCALIZATION_PREFERS_STRING_CATALOGS = YES;
				MTL_ENABLE_DEBUG_INFO = NO;
				MTL_FAST_MATH = YES;
				SDKROOT = iphoneos;
				SWIFT_COMPILATION_MODE = wholemodule;
				VALIDATE_PRODUCT = YES;
			};
			name = Release;
		};
		BAACA5FB2DC124BD002627F6 /* Debug */ = {
			isa = XCBuildConfiguration;
			buildSettings = {
				ASSETCATALOG_COMPILER_APPICON_NAME = AppIcon;
				ASSETCATALOG_COMPILER_GLOBAL_ACCENT_COLOR_NAME = AccentColor;
				ASSETCATALOG_COMPILER_INCLUDE_ALL_APPICON_ASSETS = NO;
				CODE_SIGN_STYLE = Automatic;
				CURRENT_PROJECT_VERSION = 1;
				DEVELOPMENT_TEAM = 5W2A88B7UL;
				ENABLE_PREVIEWS = YES;
				GENERATE_INFOPLIST_FILE = YES;
				INFOPLIST_FILE = "$(SRCROOT)/CineCircleApp/Info.plist";
				INFOPLIST_KEY_UIApplicationSceneManifest_Generation = YES;
				INFOPLIST_KEY_UIApplicationSupportsIndirectInputEvents = YES;
				INFOPLIST_KEY_UILaunchScreen_Generation = YES;
				INFOPLIST_KEY_UISupportedInterfaceOrientations_iPad = "UIInterfaceOrientationPortrait UIInterfaceOrientationPortraitUpsideDown UIInterfaceOrientationLandscapeLeft UIInterfaceOrientationLandscapeRight";
				INFOPLIST_KEY_UISupportedInterfaceOrientations_iPhone = "UIInterfaceOrientationPortrait UIInterfaceOrientationLandscapeLeft UIInterfaceOrientationLandscapeRight";
				LD_RUNPATH_SEARCH_PATHS = (
					"$(inherited)",
					"@executable_path/Frameworks",
				);
				MARKETING_VERSION = 1.0;
				PRODUCT_BUNDLE_IDENTIFIER = com.y.nastiushkina.CineCircleApp;
				PRODUCT_NAME = "$(TARGET_NAME)";
				SWIFT_EMIT_LOC_STRINGS = YES;
				SWIFT_VERSION = 5.0;
				TARGETED_DEVICE_FAMILY = "1,2";
			};
			name = Debug;
		};
		BAACA5FC2DC124BD002627F6 /* Release */ = {
			isa = XCBuildConfiguration;
			buildSettings = {
				ASSETCATALOG_COMPILER_APPICON_NAME = AppIcon;
				ASSETCATALOG_COMPILER_GLOBAL_ACCENT_COLOR_NAME = AccentColor;
				ASSETCATALOG_COMPILER_INCLUDE_ALL_APPICON_ASSETS = NO;
				CODE_SIGN_STYLE = Automatic;
				CURRENT_PROJECT_VERSION = 1;
				DEVELOPMENT_TEAM = 5W2A88B7UL;
				ENABLE_PREVIEWS = YES;
				GENERATE_INFOPLIST_FILE = YES;
				INFOPLIST_FILE = "$(SRCROOT)/CineCircleApp/Info.plist";
				INFOPLIST_KEY_UIApplicationSceneManifest_Generation = YES;
				INFOPLIST_KEY_UIApplicationSupportsIndirectInputEvents = YES;
				INFOPLIST_KEY_UILaunchScreen_Generation = YES;
				INFOPLIST_KEY_UISupportedInterfaceOrientations_iPad = "UIInterfaceOrientationPortrait UIInterfaceOrientationPortraitUpsideDown UIInterfaceOrientationLandscapeLeft UIInterfaceOrientationLandscapeRight";
				INFOPLIST_KEY_UISupportedInterfaceOrientations_iPhone = "UIInterfaceOrientationPortrait UIInterfaceOrientationLandscapeLeft UIInterfaceOrientationLandscapeRight";
				LD_RUNPATH_SEARCH_PATHS = (
					"$(inherited)",
					"@executable_path/Frameworks",
				);
				MARKETING_VERSION = 1.0;
				PRODUCT_BUNDLE_IDENTIFIER = com.y.nastiushkina.CineCircleApp;
				PRODUCT_NAME = "$(TARGET_NAME)";
				SWIFT_EMIT_LOC_STRINGS = YES;
				SWIFT_VERSION = 5.0;
				TARGETED_DEVICE_FAMILY = "1,2";
			};
			name = Release;
		};
		BAB46D902DF1FCCE00891FA8 /* Debug */ = {
			isa = XCBuildConfiguration;
			buildSettings = {
				BUNDLE_LOADER = "$(TEST_HOST)";
				CODE_SIGN_STYLE = Automatic;
				CURRENT_PROJECT_VERSION = 1;
				DEVELOPMENT_TEAM = 5W2A88B7UL;
				ENABLE_USER_SCRIPT_SANDBOXING = YES;
				GENERATE_INFOPLIST_FILE = YES;
				MARKETING_VERSION = 1.0;
				PRODUCT_BUNDLE_IDENTIFIER = com.y.nastiushkina.CineCircleTests;
				PRODUCT_NAME = "$(TARGET_NAME)";
				SWIFT_EMIT_LOC_STRINGS = NO;
				SWIFT_VERSION = 5.0;
				TARGETED_DEVICE_FAMILY = "1,2";
				TEST_HOST = "$(BUILT_PRODUCTS_DIR)/CineCircle.app/$(BUNDLE_EXECUTABLE_FOLDER_PATH)/CineCircle";
			};
			name = Debug;
		};
		BAB46D912DF1FCCE00891FA8 /* Release */ = {
			isa = XCBuildConfiguration;
			buildSettings = {
				BUNDLE_LOADER = "$(TEST_HOST)";
				CODE_SIGN_STYLE = Automatic;
				CURRENT_PROJECT_VERSION = 1;
				DEVELOPMENT_TEAM = 5W2A88B7UL;
				ENABLE_USER_SCRIPT_SANDBOXING = YES;
				GENERATE_INFOPLIST_FILE = YES;
				MARKETING_VERSION = 1.0;
				PRODUCT_BUNDLE_IDENTIFIER = com.y.nastiushkina.CineCircleTests;
				PRODUCT_NAME = "$(TARGET_NAME)";
				SWIFT_EMIT_LOC_STRINGS = NO;
				SWIFT_VERSION = 5.0;
				TARGETED_DEVICE_FAMILY = "1,2";
				TEST_HOST = "$(BUILT_PRODUCTS_DIR)/CineCircle.app/$(BUNDLE_EXECUTABLE_FOLDER_PATH)/CineCircle";
			};
			name = Release;
		};
/* End XCBuildConfiguration section */

/* Begin XCConfigurationList section */
		BA4289A62DCD1EAF008FECCD /* Build configuration list for PBXNativeTarget "APIManagerTests" */ = {
			isa = XCConfigurationList;
			buildConfigurations = (
				BA4289A72DCD1EAF008FECCD /* Debug */,
				BA4289A82DCD1EAF008FECCD /* Release */,
			);
			defaultConfigurationIsVisible = 0;
			defaultConfigurationName = Release;
		};
		BAA068622DE77C9700A53CE7 /* Build configuration list for PBXNativeTarget "AuthServiceTests" */ = {
			isa = XCConfigurationList;
			buildConfigurations = (
				BAA068602DE77C9700A53CE7 /* Debug */,
				BAA068612DE77C9700A53CE7 /* Release */,
			);
			defaultConfigurationIsVisible = 0;
			defaultConfigurationName = Release;
		};
		BAACA5EA2DC124BB002627F6 /* Build configuration list for PBXProject "CineCircleApp" */ = {
			isa = XCConfigurationList;
			buildConfigurations = (
				BAACA5F82DC124BD002627F6 /* Debug */,
				BAACA5F92DC124BD002627F6 /* Release */,
			);
			defaultConfigurationIsVisible = 0;
			defaultConfigurationName = Release;
		};
		BAACA5FA2DC124BD002627F6 /* Build configuration list for PBXNativeTarget "CineCircle" */ = {
			isa = XCConfigurationList;
			buildConfigurations = (
				BAACA5FB2DC124BD002627F6 /* Debug */,
				BAACA5FC2DC124BD002627F6 /* Release */,
			);
			defaultConfigurationIsVisible = 0;
			defaultConfigurationName = Release;
		};
		BAB46D8F2DF1FCCE00891FA8 /* Build configuration list for PBXNativeTarget "CineCircleTests" */ = {
			isa = XCConfigurationList;
			buildConfigurations = (
				BAB46D902DF1FCCE00891FA8 /* Debug */,
				BAB46D912DF1FCCE00891FA8 /* Release */,
			);
			defaultConfigurationIsVisible = 0;
			defaultConfigurationName = Release;
		};
/* End XCConfigurationList section */

/* Begin XCRemoteSwiftPackageReference section */
		BA5DF9B02DDFC9A8005E1397 /* XCRemoteSwiftPackageReference "firebase-ios-sdk" */ = {
			isa = XCRemoteSwiftPackageReference;
			repositoryURL = "https://github.com/firebase/firebase-ios-sdk";
			requirement = {
				kind = upToNextMajorVersion;
				minimumVersion = 11.13.0;
			};
		};
/* End XCRemoteSwiftPackageReference section */

/* Begin XCSwiftPackageProductDependency section */
		BA5DF9B12DDFC9A8005E1397 /* FirebaseAuth */ = {
			isa = XCSwiftPackageProductDependency;
			package = BA5DF9B02DDFC9A8005E1397 /* XCRemoteSwiftPackageReference "firebase-ios-sdk" */;
			productName = FirebaseAuth;
		};
		BA5DF9B32DDFC9A8005E1397 /* FirebaseCore */ = {
			isa = XCSwiftPackageProductDependency;
			package = BA5DF9B02DDFC9A8005E1397 /* XCRemoteSwiftPackageReference "firebase-ios-sdk" */;
			productName = FirebaseCore;
		};
/* End XCSwiftPackageProductDependency section */

/* Begin XCVersionGroup section */
		BA3949182DF35D5000B7CB8B /* NoteModel.xcdatamodeld */ = {
			isa = XCVersionGroup;
			children = (
				BA3949192DF35D5000B7CB8B /* NoteModel.xcdatamodel */,
			);
			currentVersion = BA3949192DF35D5000B7CB8B /* NoteModel.xcdatamodel */;
			path = NoteModel.xcdatamodeld;
			sourceTree = "<group>";
			versionGroupType = wrapper.xcdatamodel;
		};
/* End XCVersionGroup section */
	};
	rootObject = BAACA5E72DC124BB002627F6 /* Project object */;
}
